
Microsoft Visual Studio Solution File, Format Version 12.00
# Visual Studio Version 17
VisualStudioVersion = 17.5.002.0
MinimumVisualStudioVersion = 10.0.40219.1
Project("{2150E333-8FDC-42A3-9474-1A3956D46DE8}") = "misc", "misc", "{B66E40CE-047A-4F6D-BF76-DEFD0008AAEA}"
EndProject
Project("{9A19103F-16F7-4668-BE54-9A1E7A4F7556}") = "dotnet-pdf", "misc\dotnet-pdf\dotnet-pdf.csproj", "{04CDBBB7-FCBF-4699-9C20-813AE6D2E786}"
EndProject
Global
	GlobalSection(SolutionConfigurationPlatforms) = preSolution
		Debug|Any CPU = Debug|Any CPU
		Release|Any CPU = Release|Any CPU
	EndGlobalSection
	GlobalSection(ProjectConfigurationPlatforms) = postSolution
		{04CDBBB7-FCBF-4699-9C20-813AE6D2E786}.Debug|Any CPU.ActiveCfg = Debug|Any CPU
		{04CDBBB7-FCBF-4699-9C20-813AE6D2E786}.Debug|Any CPU.Build.0 = Debug|Any CPU
		{04CDBBB7-FCBF-4699-9C20-813AE6D2E786}.Release|Any CPU.ActiveCfg = Release|Any CPU
		{04CDBBB7-FCBF-4699-9C20-813AE6D2E786}.Release|Any CPU.Build.0 = Release|Any CPU
	EndGlobalSection
	GlobalSection(SolutionProperties) = preSolution
		HideSolutionNode = FALSE
	EndGlobalSection
	GlobalSection(NestedProjects) = preSolution
		{04CDBBB7-FCBF-4699-9C20-813AE6D2E786} = {B66E40CE-047A-4F6D-BF76-DEFD0008AAEA}
	EndGlobalSection
	GlobalSection(ExtensibilityGlobals) = postSolution
		SolutionGuid = {542882A2-9610-4B21-99A3-68B9C4832131}
	EndGlobalSection
EndGlobal
